
Microsoft Visual Studio Solution File, Format Version 12.00
# Visual Studio Version 17
VisualStudioVersion = 17.0.31903.59
MinimumVisualStudioVersion = 10.0.40219.1
Project("{FAE04EC0-301F-11D3-BF4B-00C04F79EFBC}") = "API", "API\API.csproj", "{17E179EF-28CB-4EC6-99B3-30446F33BC77}"
EndProject
Project("{FAE04EC0-301F-11D3-BF4B-00C04F79EFBC}") = "Core", "Core\Core.csproj", "{EC117193-3EA6-470A-B4B6-14B116DE3EE4}"
EndProject
Project("{FAE04EC0-301F-11D3-BF4B-00C04F79EFBC}") = "Infrastructure", "Infrastructure\Infrastructure.csproj", "{03934973-AD27-48DB-B7E7-4E67E8DC3908}"
EndProject
Global
	GlobalSection(SolutionConfigurationPlatforms) = preSolution
		Debug|Any CPU = Debug|Any CPU
		Release|Any CPU = Release|Any CPU
	EndGlobalSection
	GlobalSection(SolutionProperties) = preSolution
		HideSolutionNode = FALSE
	EndGlobalSection
	GlobalSection(ProjectConfigurationPlatforms) = postSolution
		{17E179EF-28CB-4EC6-99B3-30446F33BC77}.Debug|Any CPU.ActiveCfg = Debug|Any CPU
		{17E179EF-28CB-4EC6-99B3-30446F33BC77}.Debug|Any CPU.Build.0 = Debug|Any CPU
		{17E179EF-28CB-4EC6-99B3-30446F33BC77}.Release|Any CPU.ActiveCfg = Release|Any CPU
		{17E179EF-28CB-4EC6-99B3-30446F33BC77}.Release|Any CPU.Build.0 = Release|Any CPU
		{EC117193-3EA6-470A-B4B6-14B116DE3EE4}.Debug|Any CPU.ActiveCfg = Debug|Any CPU
		{EC117193-3EA6-470A-B4B6-14B116DE3EE4}.Debug|Any CPU.Build.0 = Debug|Any CPU
		{EC117193-3EA6-470A-B4B6-14B116DE3EE4}.Release|Any CPU.ActiveCfg = Release|Any CPU
		{EC117193-3EA6-470A-B4B6-14B116DE3EE4}.Release|Any CPU.Build.0 = Release|Any CPU
		{03934973-AD27-48DB-B7E7-4E67E8DC3908}.Debug|Any CPU.ActiveCfg = Debug|Any CPU
		{03934973-AD27-48DB-B7E7-4E67E8DC3908}.Debug|Any CPU.Build.0 = Debug|Any CPU
		{03934973-AD27-48DB-B7E7-4E67E8DC3908}.Release|Any CPU.ActiveCfg = Release|Any CPU
		{03934973-AD27-48DB-B7E7-4E67E8DC3908}.Release|Any CPU.Build.0 = Release|Any CPU
	EndGlobalSection
EndGlobal
